
Microsoft Visual Studio Solution File, Format Version 12.00
# Visual Studio Version 16
VisualStudioVersion = 16.0.30804.86
MinimumVisualStudioVersion = 10.0.40219.1
Project("{9A19103F-16F7-4668-BE54-9A1E7A4F7556}") = "FengShuiNumber", "FengShuiNumber\FengShuiNumber.csproj", "{0CDDD34D-3EC4-4985-8CBB-F604341D8077}"
EndProject
Project("{2150E333-8FDC-42A3-9474-1A3956D46DE8}") = "Infrastructures", "Infrastructures", "{6DCF283B-352C-4457-AC32-D7AE8171839D}"
EndProject
Project("{FAE04EC0-301F-11D3-BF4B-00C04F79EFBC}") = "EFInfrastructures", "EFInfrastructures\EFInfrastructures.csproj", "{32B87D90-99AD-4401-893A-67663B8FFD11}"
EndProject
Global
	GlobalSection(SolutionConfigurationPlatforms) = preSolution
		Debug|Any CPU = Debug|Any CPU
		Release|Any CPU = Release|Any CPU
	EndGlobalSection
	GlobalSection(ProjectConfigurationPlatforms) = postSolution
		{0CDDD34D-3EC4-4985-8CBB-F604341D8077}.Debug|Any CPU.ActiveCfg = Debug|Any CPU
		{0CDDD34D-3EC4-4985-8CBB-F604341D8077}.Debug|Any CPU.Build.0 = Debug|Any CPU
		{0CDDD34D-3EC4-4985-8CBB-F604341D8077}.Release|Any CPU.ActiveCfg = Release|Any CPU
		{0CDDD34D-3EC4-4985-8CBB-F604341D8077}.Release|Any CPU.Build.0 = Release|Any CPU
		{32B87D90-99AD-4401-893A-67663B8FFD11}.Debug|Any CPU.ActiveCfg = Debug|Any CPU
		{32B87D90-99AD-4401-893A-67663B8FFD11}.Debug|Any CPU.Build.0 = Debug|Any CPU
		{32B87D90-99AD-4401-893A-67663B8FFD11}.Release|Any CPU.ActiveCfg = Release|Any CPU
		{32B87D90-99AD-4401-893A-67663B8FFD11}.Release|Any CPU.Build.0 = Release|Any CPU
	EndGlobalSection
	GlobalSection(SolutionProperties) = preSolution
		HideSolutionNode = FALSE
	EndGlobalSection
	GlobalSection(NestedProjects) = preSolution
		{32B87D90-99AD-4401-893A-67663B8FFD11} = {6DCF283B-352C-4457-AC32-D7AE8171839D}
	EndGlobalSection
	GlobalSection(ExtensibilityGlobals) = postSolution
		SolutionGuid = {AFD30E6A-85C3-4736-AB4B-B324F54AF5FC}
	EndGlobalSection
EndGlobal
